
Microsoft Visual Studio Solution File, Format Version 12.00
# Visual Studio Version 16
VisualStudioVersion = 16.0.30114.105
MinimumVisualStudioVersion = 10.0.40219.1
Project("{9A19103F-16F7-4668-BE54-9A1E7A4F7556}") = "AppliSoccerObjects", "AppliSoccerObjects\AppliSoccerObjects.csproj", "{AEC50530-C5AB-44EE-BCDE-7787994AD522}"
EndProject
Project("{9A19103F-16F7-4668-BE54-9A1E7A4F7556}") = "AppliSoccerDatabasing", "AppliSoccerDatabasing\AppliSoccerDatabasing.csproj", "{BE502C15-D78A-4180-9123-2BD6D47F7FBC}"
EndProject
Project("{9A19103F-16F7-4668-BE54-9A1E7A4F7556}") = "AppliSoccerEngine", "AppliSoccerEngine\AppliSoccerEngine.csproj", "{52FD9EDB-E40E-4A35-B28C-C34CFB7449DD}"
EndProject
Project("{9A19103F-16F7-4668-BE54-9A1E7A4F7556}") = "AppliSoccerRestAPI", "AppliSoccerRestAPI\AppliSoccerRestAPI.csproj", "{61030054-81D9-49AF-B45B-03BDAD35C6E7}"
EndProject
Project("{9A19103F-16F7-4668-BE54-9A1E7A4F7556}") = "AppliSoccerStatisticAPI", "AppliSoccerStatisticAPI\AppliSoccerStatisticAPI.csproj", "{08DC812D-7588-44D9-88B0-CDD2A836F675}"
EndProject
Project("{FAE04EC0-301F-11D3-BF4B-00C04F79EFBC}") = "AppliSoccerEngine.UnitTests", "AppliSoccerEngine.UnitTests\AppliSoccerEngine.UnitTests.csproj", "{21BF9580-C1E9-4ADD-9398-A985E86E911C}"
EndProject
Global
	GlobalSection(SolutionConfigurationPlatforms) = preSolution
		Debug|Any CPU = Debug|Any CPU
		Release|Any CPU = Release|Any CPU
	EndGlobalSection
	GlobalSection(ProjectConfigurationPlatforms) = postSolution
		{AEC50530-C5AB-44EE-BCDE-7787994AD522}.Debug|Any CPU.ActiveCfg = Debug|Any CPU
		{AEC50530-C5AB-44EE-BCDE-7787994AD522}.Debug|Any CPU.Build.0 = Debug|Any CPU
		{AEC50530-C5AB-44EE-BCDE-7787994AD522}.Release|Any CPU.ActiveCfg = Release|Any CPU
		{AEC50530-C5AB-44EE-BCDE-7787994AD522}.Release|Any CPU.Build.0 = Release|Any CPU
		{BE502C15-D78A-4180-9123-2BD6D47F7FBC}.Debug|Any CPU.ActiveCfg = Debug|Any CPU
		{BE502C15-D78A-4180-9123-2BD6D47F7FBC}.Debug|Any CPU.Build.0 = Debug|Any CPU
		{BE502C15-D78A-4180-9123-2BD6D47F7FBC}.Release|Any CPU.ActiveCfg = Release|Any CPU
		{BE502C15-D78A-4180-9123-2BD6D47F7FBC}.Release|Any CPU.Build.0 = Release|Any CPU
		{52FD9EDB-E40E-4A35-B28C-C34CFB7449DD}.Debug|Any CPU.ActiveCfg = Debug|Any CPU
		{52FD9EDB-E40E-4A35-B28C-C34CFB7449DD}.Debug|Any CPU.Build.0 = Debug|Any CPU
		{52FD9EDB-E40E-4A35-B28C-C34CFB7449DD}.Release|Any CPU.ActiveCfg = Release|Any CPU
		{52FD9EDB-E40E-4A35-B28C-C34CFB7449DD}.Release|Any CPU.Build.0 = Release|Any CPU
		{61030054-81D9-49AF-B45B-03BDAD35C6E7}.Debug|Any CPU.ActiveCfg = Debug|Any CPU
		{61030054-81D9-49AF-B45B-03BDAD35C6E7}.Debug|Any CPU.Build.0 = Debug|Any CPU
		{61030054-81D9-49AF-B45B-03BDAD35C6E7}.Release|Any CPU.ActiveCfg = Release|Any CPU
		{61030054-81D9-49AF-B45B-03BDAD35C6E7}.Release|Any CPU.Build.0 = Release|Any CPU
		{08DC812D-7588-44D9-88B0-CDD2A836F675}.Debug|Any CPU.ActiveCfg = Debug|Any CPU
		{08DC812D-7588-44D9-88B0-CDD2A836F675}.Debug|Any CPU.Build.0 = Debug|Any CPU
		{08DC812D-7588-44D9-88B0-CDD2A836F675}.Release|Any CPU.ActiveCfg = Release|Any CPU
		{08DC812D-7588-44D9-88B0-CDD2A836F675}.Release|Any CPU.Build.0 = Release|Any CPU
		{21BF9580-C1E9-4ADD-9398-A985E86E911C}.Debug|Any CPU.ActiveCfg = Debug|Any CPU
		{21BF9580-C1E9-4ADD-9398-A985E86E911C}.Debug|Any CPU.Build.0 = Debug|Any CPU
		{21BF9580-C1E9-4ADD-9398-A985E86E911C}.Release|Any CPU.ActiveCfg = Release|Any CPU
		{21BF9580-C1E9-4ADD-9398-A985E86E911C}.Release|Any CPU.Build.0 = Release|Any CPU
	EndGlobalSection
	GlobalSection(SolutionProperties) = preSolution
		HideSolutionNode = FALSE
	EndGlobalSection
	GlobalSection(ExtensibilityGlobals) = postSolution
		SolutionGuid = {DB142B32-123D-4DEC-B266-48310B8865D0}
	EndGlobalSection
EndGlobal
